
Microsoft Visual Studio Solution File, Format Version 12.00
# Visual Studio 15
VisualStudioVersion = 15.0.26730.12
MinimumVisualStudioVersion = 10.0.40219.1
Project("{8BC9CEB8-8B4A-11D0-8D11-00A0C91BC942}") = "uts_2110151044_sea", "uts_2110151044_sea\uts_2110151044_sea.vcxproj", "{71584153-74A7-4508-8352-60474E7E0C94}"
EndProject
Global
	GlobalSection(SolutionConfigurationPlatforms) = preSolution
		Debug|x64 = Debug|x64
		Debug|x86 = Debug|x86
		Release|x64 = Release|x64
		Release|x86 = Release|x86
	EndGlobalSection
	GlobalSection(ProjectConfigurationPlatforms) = postSolution
		{71584153-74A7-4508-8352-60474E7E0C94}.Debug|x64.ActiveCfg = Debug|x64
		{71584153-74A7-4508-8352-60474E7E0C94}.Debug|x64.Build.0 = Debug|x64
		{71584153-74A7-4508-8352-60474E7E0C94}.Debug|x86.ActiveCfg = Debug|Win32
		{71584153-74A7-4508-8352-60474E7E0C94}.Debug|x86.Build.0 = Debug|Win32
		{71584153-74A7-4508-8352-60474E7E0C94}.Release|x64.ActiveCfg = Release|x64
		{71584153-74A7-4508-8352-60474E7E0C94}.Release|x64.Build.0 = Release|x64
		{71584153-74A7-4508-8352-60474E7E0C94}.Release|x86.ActiveCfg = Release|Win32
		{71584153-74A7-4508-8352-60474E7E0C94}.Release|x86.Build.0 = Release|Win32
	EndGlobalSection
	GlobalSection(SolutionProperties) = preSolution
		HideSolutionNode = FALSE
	EndGlobalSection
	GlobalSection(ExtensibilityGlobals) = postSolution
		SolutionGuid = {F6FFFE7C-EE7F-4641-AE77-F9EB02F09B5D}
	EndGlobalSection
EndGlobal
